
Microsoft Visual Studio Solution File, Format Version 12.00
# Visual Studio Version 17
VisualStudioVersion = 17.10.35027.167
MinimumVisualStudioVersion = 10.0.40219.1
Project("{9A19103F-16F7-4668-BE54-9A1E7A4F7556}") = "demoProject", "..\demoProject.csproj", "{F5C57B3C-39F4-40B1-A0E6-C196EE42D7F9}"
EndProject
Global
	GlobalSection(SolutionConfigurationPlatforms) = preSolution
		Debug|Any CPU = Debug|Any CPU
		Release|Any CPU = Release|Any CPU
	EndGlobalSection
	GlobalSection(ProjectConfigurationPlatforms) = postSolution
		{F5C57B3C-39F4-40B1-A0E6-C196EE42D7F9}.Debug|Any CPU.ActiveCfg = Debug|Any CPU
		{F5C57B3C-39F4-40B1-A0E6-C196EE42D7F9}.Debug|Any CPU.Build.0 = Debug|Any CPU
		{F5C57B3C-39F4-40B1-A0E6-C196EE42D7F9}.Release|Any CPU.ActiveCfg = Release|Any CPU
		{F5C57B3C-39F4-40B1-A0E6-C196EE42D7F9}.Release|Any CPU.Build.0 = Release|Any CPU
	EndGlobalSection
	GlobalSection(SolutionProperties) = preSolution
		HideSolutionNode = FALSE
	EndGlobalSection
	GlobalSection(ExtensibilityGlobals) = postSolution
		SolutionGuid = {D2D3033E-D993-498E-AA1A-C3D9DA52A69D}
	EndGlobalSection
EndGlobal
